<?xml version="1.0" encoding="utf-8"?>
<Project ToolsVersion="4.0" xmlns="http://schemas.microsoft.com/developer/msbuild/2003">
  <ItemGroup>
    <Filter Include="Kaleidoscope">
      <UniqueIdentifier>{D878A3E5-C4DB-328A-6D61-6B4059A3FE0C}</UniqueIdentifier>
    </Filter>
  </ItemGroup>
  <ItemGroup>
    <ClInclude Include="src\Event.h" />
    <ClInclude Include="src\Log.h" />
  </ItemGroup>
  <ItemGroup>
    <ClCompile Include="src\Event.cpp" />
    <ClCompile Include="src\Log.cpp" />
    <ClCompile Include="src\Main.cpp" />
  </ItemGroup>
</Project>